{
  "name": "whfmthify",
  "version": "1.0.0",
  "lockfileVersion": 1,
  "requires": true,
  "dependencies": {
    "await-signal": {
      "version": "0.1.2",
      "resolved": "https://registry.npmjs.org/await-signal/-/await-signal-0.1.2.tgz",
      "integrity": "sha1-++Y+SEF6nU+lNGqqo5oZvDVTAS0="
    }
  }
}
